{
    "_readme": [
        "This file locks the dependencies of your project to a known state",
        "Read more about it at https://getcomposer.org/doc/01-basic-usage.md#composer-lock-the-lock-file",
        "This file is @generated automatically"
    ],
    "content-hash": "459735f1884c2570ca15499129653f88",
    "packages": [
        {
            "name": "koda/koda",
            "version": "2.0.2",
            "source": {
                "type": "git",
                "url": "https://github.com/bzick/koda.git",
                "reference": "50a74dc753cbe9990e29f270befef24d01681d99"
            },
            "dist": {
                "type": "zip",
                "url": "https://api.github.com/repos/bzick/koda/zipball/50a74dc753cbe9990e29f270befef24d01681d99",
                "reference": "50a74dc753cbe9990e29f270befef24d01681d99",
                "shasum": ""
            },
            "require": {
                "php": ">=7.0"
            },
            "require-dev": {
                "phpunit/phpunit": "*",
                "satooshi/php-coveralls": "dev-master"
            },
            "type": "library",
            "autoload": {
                "psr-0": {
                    "Koda": "src/"
                }
            },
            "notification-url": "https://packagist.org/downloads/",
            "license": [
                "MIT"
            ],
            "authors": [
                {
                    "name": "Ivan Shalganov",
                    "email": "a.cobest@gmail.com"
                }
            ],
            "description": "Utility classes for analyse code and invoking callables with verification of arguments and type casting",
            "keywords": [
                "analyse",
                "call",
                "call_user_func",
                "call_user_func_array",
                "cast",
                "invoke",
                "reflection",
                "validation"
            ],
            "time": "2017-09-20T21:25:35+00:00"
        }
    ],
    "packages-dev": [],
    "aliases": [],
    "minimum-stability": "stable",
    "stability-flags": [],
    "prefer-stable": false,
    "prefer-lowest": false,
    "platform": {
        "php": ">=7.0"
    },
    "platform-dev": []
}
